
Microsoft Visual Studio Solution File, Format Version 12.00
# Visual Studio Version 17
VisualStudioVersion = 17.3.32929.385
MinimumVisualStudioVersion = 10.0.40219.1
Project("{9A19103F-16F7-4668-BE54-9A1E7A4F7556}") = "Salus", "Salus\Salus.csproj", "{D0380BDF-B9EA-4952-A349-16A23A3C0C96}"
EndProject
Project("{9A19103F-16F7-4668-BE54-9A1E7A4F7556}") = "SalusExampleParent", "SalusExampleParent\SalusExampleParent.csproj", "{AC83A659-A6DD-4277-B47C-FDF163D95A32}"
EndProject
Project("{9A19103F-16F7-4668-BE54-9A1E7A4F7556}") = "SalusTests", "SalusTests\SalusTests.csproj", "{CBF4C0FE-21BA-455E-BBA1-1FF9F7EF2E46}"
EndProject
Project("{2150E333-8FDC-42A3-9474-1A3956D46DE8}") = "Solution Items", "Solution Items", "{DA2B6322-6181-4BD1-9ACA-D727BB20DBBC}"
	ProjectSection(SolutionItems) = preProject
		.gitattributes = .gitattributes
		.gitignore = .gitignore
		LICENSE.txt = LICENSE.txt
		README.md = README.md
	EndProjectSection
EndProject
Project("{FAE04EC0-301F-11D3-BF4B-00C04F79EFBC}") = "SalusExampleChild", "SalusExampleChild\SalusExampleChild.csproj", "{2BDC3032-24C4-4309-AC0D-BE455EAA3435}"
EndProject
Global
	GlobalSection(SolutionConfigurationPlatforms) = preSolution
		Debug|Any CPU = Debug|Any CPU
		Release|Any CPU = Release|Any CPU
	EndGlobalSection
	GlobalSection(ProjectConfigurationPlatforms) = postSolution
		{D0380BDF-B9EA-4952-A349-16A23A3C0C96}.Debug|Any CPU.ActiveCfg = Debug|Any CPU
		{D0380BDF-B9EA-4952-A349-16A23A3C0C96}.Debug|Any CPU.Build.0 = Debug|Any CPU
		{D0380BDF-B9EA-4952-A349-16A23A3C0C96}.Release|Any CPU.ActiveCfg = Release|Any CPU
		{D0380BDF-B9EA-4952-A349-16A23A3C0C96}.Release|Any CPU.Build.0 = Release|Any CPU
		{AC83A659-A6DD-4277-B47C-FDF163D95A32}.Debug|Any CPU.ActiveCfg = Debug|Any CPU
		{AC83A659-A6DD-4277-B47C-FDF163D95A32}.Debug|Any CPU.Build.0 = Debug|Any CPU
		{AC83A659-A6DD-4277-B47C-FDF163D95A32}.Release|Any CPU.ActiveCfg = Release|Any CPU
		{AC83A659-A6DD-4277-B47C-FDF163D95A32}.Release|Any CPU.Build.0 = Release|Any CPU
		{CBF4C0FE-21BA-455E-BBA1-1FF9F7EF2E46}.Debug|Any CPU.ActiveCfg = Debug|Any CPU
		{CBF4C0FE-21BA-455E-BBA1-1FF9F7EF2E46}.Debug|Any CPU.Build.0 = Debug|Any CPU
		{CBF4C0FE-21BA-455E-BBA1-1FF9F7EF2E46}.Release|Any CPU.ActiveCfg = Release|Any CPU
		{CBF4C0FE-21BA-455E-BBA1-1FF9F7EF2E46}.Release|Any CPU.Build.0 = Release|Any CPU
		{2BDC3032-24C4-4309-AC0D-BE455EAA3435}.Debug|Any CPU.ActiveCfg = Debug|Any CPU
		{2BDC3032-24C4-4309-AC0D-BE455EAA3435}.Debug|Any CPU.Build.0 = Debug|Any CPU
		{2BDC3032-24C4-4309-AC0D-BE455EAA3435}.Release|Any CPU.ActiveCfg = Release|Any CPU
		{2BDC3032-24C4-4309-AC0D-BE455EAA3435}.Release|Any CPU.Build.0 = Release|Any CPU
	EndGlobalSection
	GlobalSection(SolutionProperties) = preSolution
		HideSolutionNode = FALSE
	EndGlobalSection
	GlobalSection(ExtensibilityGlobals) = postSolution
		SolutionGuid = {0A612034-DBAE-4BD2-AD48-472ECEC59B4E}
	EndGlobalSection
EndGlobal
